{
  "name": "brackets-launcher",
  "version": "0.0.0",
  "lockfileVersion": 1,
  "requires": true,
  "dependencies": {
    "treekill": {
      "version": "0.0.0",
      "resolved": "https://registry.npmjs.org/treekill/-/treekill-0.0.0.tgz",
      "integrity": "sha1-Wl62+60PPWiPfL89j9m2yx1gWqI="
    }
  }
}
